// !$*UTF8*$!
{
	archiveVersion = 1;
	classes = {
	};
	objectVersion = 50;
	objects = {

/* Begin PBXBuildFile section */
		AF9FC13525E876660096373D /* AppDelegate.swift in Sources */ = {isa = PBXBuildFile; fileRef = AF9FC13425E876660096373D /* AppDelegate.swift */; };
		AF9FC13725E876660096373D /* SceneDelegate.swift in Sources */ = {isa = PBXBuildFile; fileRef = AF9FC13625E876660096373D /* SceneDelegate.swift */; };
		AF9FC13925E876660096373D /* ViewController.swift in Sources */ = {isa = PBXBuildFile; fileRef = AF9FC13825E876660096373D /* ViewController.swift */; };
		AF9FC13C25E876660096373D /* Main.storyboard in Resources */ = {isa = PBXBuildFile; fileRef = AF9FC13A25E876660096373D /* Main.storyboard */; };
		AF9FC13E25E876670096373D /* Assets.xcassets in Resources */ = {isa = PBXBuildFile; fileRef = AF9FC13D25E876670096373D /* Assets.xcassets */; };
		AF9FC14125E876670096373D /* LaunchScreen.storyboard in Resources */ = {isa = PBXBuildFile; fileRef = AF9FC13F25E876670096373D /* LaunchScreen.storyboard */; };
		AF9FC14A25E8777B0096373D /* SignUpViewController.swift in Sources */ = {isa = PBXBuildFile; fileRef = AF9FC14925E8777B0096373D /* SignUpViewController.swift */; };
		AF9FC14D25E877890096373D /* LoginViewController.swift in Sources */ = {isa = PBXBuildFile; fileRef = AF9FC14C25E877890096373D /* LoginViewController.swift */; };
		AF9FC15025E8779A0096373D /* HomeViewController.swift in Sources */ = {isa = PBXBuildFile; fileRef = AF9FC14F25E8779A0096373D /* HomeViewController.swift */; };
/* End PBXBuildFile section */

/* Begin PBXFileReference section */
		AF9FC13125E876660096373D /* CafeNIBM.app */ = {isa = PBXFileReference; explicitFileType = wrapper.application; includeInIndex = 0; path = CafeNIBM.app; sourceTree = BUILT_PRODUCTS_DIR; };
		AF9FC13425E876660096373D /* AppDelegate.swift */ = {isa = PBXFileReference; lastKnownFileType = sourcecode.swift; path = AppDelegate.swift; sourceTree = "<group>"; };
		AF9FC13625E876660096373D /* SceneDelegate.swift */ = {isa = PBXFileReference; lastKnownFileType = sourcecode.swift; path = SceneDelegate.swift; sourceTree = "<group>"; };
		AF9FC13825E876660096373D /* ViewController.swift */ = {isa = PBXFileReference; lastKnownFileType = sourcecode.swift; path = ViewController.swift; sourceTree = "<group>"; };
		AF9FC13B25E876660096373D /* Base */ = {isa = PBXFileReference; lastKnownFileType = file.storyboard; name = Base; path = Base.lproj/Main.storyboard; sourceTree = "<group>"; };
		AF9FC13D25E876670096373D /* Assets.xcassets */ = {isa = PBXFileReference; lastKnownFileType = folder.assetcatalog; path = Assets.xcassets; sourceTree = "<group>"; };
		AF9FC14025E876670096373D /* Base */ = {isa = PBXFileReference; lastKnownFileType = file.storyboard; name = Base; path = Base.lproj/LaunchScreen.storyboard; sourceTree = "<group>"; };
		AF9FC14225E876670096373D /* Info.plist */ = {isa = PBXFileReference; lastKnownFileType = text.plist.xml; path = Info.plist; sourceTree = "<group>"; };
		AF9FC14925E8777B0096373D /* SignUpViewController.swift */ = {isa = PBXFileReference; lastKnownFileType = sourcecode.swift; path = SignUpViewController.swift; sourceTree = "<group>"; };
		AF9FC14C25E877890096373D /* LoginViewController.swift */ = {isa = PBXFileReference; lastKnownFileType = sourcecode.swift; path = LoginViewController.swift; sourceTree = "<group>"; };
		AF9FC14F25E8779A0096373D /* HomeViewController.swift */ = {isa = PBXFileReference; lastKnownFileType = sourcecode.swift; path = HomeViewController.swift; sourceTree = "<group>"; };
/* End PBXFileReference section */

/* Begin PBXFrameworksBuildPhase section */
		AF9FC12E25E876660096373D /* Frameworks */ = {
			isa = PBXFrameworksBuildPhase;
			buildActionMask = 2147483647;
			files = (
			);
			runOnlyForDeploymentPostprocessing = 0;
		};
/* End PBXFrameworksBuildPhase section */

/* Begin PBXGroup section */
		AF9FC12825E876660096373D = {
			isa = PBXGroup;
			children = (
				AF9FC13325E876660096373D /* CafeNIBM */,
				AF9FC13225E876660096373D /* Products */,
			);
			sourceTree = "<group>";
		};
		AF9FC13225E876660096373D /* Products */ = {
			isa = PBXGroup;
			children = (
				AF9FC13125E876660096373D /* CafeNIBM.app */,
			);
			name = Products;
			sourceTree = "<group>";
		};
		AF9FC13325E876660096373D /* CafeNIBM */ = {
			isa = PBXGroup;
			children = (
				AF9FC15225E877CE0096373D /* View Contollers */,
				AF9FC13425E876660096373D /* AppDelegate.swift */,
				AF9FC13625E876660096373D /* SceneDelegate.swift */,
				AF9FC13A25E876660096373D /* Main.storyboard */,
				AF9FC13D25E876670096373D /* Assets.xcassets */,
				AF9FC13F25E876670096373D /* LaunchScreen.storyboard */,
				AF9FC14225E876670096373D /* Info.plist */,
			);
			path = CafeNIBM;
			sourceTree = "<group>";
		};
		AF9FC15225E877CE0096373D /* View Contollers */ = {
			isa = PBXGroup;
			children = (
				AF9FC13825E876660096373D /* ViewController.swift */,
				AF9FC14F25E8779A0096373D /* HomeViewController.swift */,
				AF9FC14925E8777B0096373D /* SignUpViewController.swift */,
				AF9FC14C25E877890096373D /* LoginViewController.swift */,
			);
			path = "View Contollers";
			sourceTree = "<group>";
		};
/* End PBXGroup section */

/* Begin PBXNativeTarget section */
		AF9FC13025E876660096373D /* CafeNIBM */ = {
			isa = PBXNativeTarget;
			buildConfigurationList = AF9FC14525E876670096373D /* Build configuration list for PBXNativeTarget "CafeNIBM" */;
			buildPhases = (
				AF9FC12D25E876660096373D /* Sources */,
				AF9FC12E25E876660096373D /* Frameworks */,
				AF9FC12F25E876660096373D /* Resources */,
			);
			buildRules = (
			);
			dependencies = (
			);
			name = CafeNIBM;
			productName = CafeNIBM;
			productReference = AF9FC13125E876660096373D /* CafeNIBM.app */;
			productType = "com.apple.product-type.application";
		};
/* End PBXNativeTarget section */

/* Begin PBXProject section */
		AF9FC12925E876660096373D /* Project object */ = {
			isa = PBXProject;
			attributes = {
				LastSwiftUpdateCheck = 1240;
				LastUpgradeCheck = 1240;
				TargetAttributes = {
					AF9FC13025E876660096373D = {
						CreatedOnToolsVersion = 12.4;
					};
				};
			};
			buildConfigurationList = AF9FC12C25E876660096373D /* Build configuration list for PBXProject "CafeNIBM" */;
			compatibilityVersion = "Xcode 9.3";
			developmentRegion = en;
			hasScannedForEncodings = 0;
			knownRegions = (
				en,
				Base,
			);
			mainGroup = AF9FC12825E876660096373D;
			productRefGroup = AF9FC13225E876660096373D /* Products */;
			projectDirPath = "";
			projectRoot = "";
			targets = (
				AF9FC13025E876660096373D /* CafeNIBM */,
			);
		};
/* End PBXProject section */

/* Begin PBXResourcesBuildPhase section */
		AF9FC12F25E876660096373D /* Resources */ = {
			isa = PBXResourcesBuildPhase;
			buildActionMask = 2147483647;
			files = (
				AF9FC14125E876670096373D /* LaunchScreen.storyboard in Resources */,
				AF9FC13E25E876670096373D /* Assets.xcassets in Resources */,
				AF9FC13C25E876660096373D /* Main.storyboard in Resources */,
			);
			runOnlyForDeploymentPostprocessing = 0;
		};
/* End PBXResourcesBuildPhase section */

/* Begin PBXSourcesBuildPhase section */
		AF9FC12D25E876660096373D /* Sources */ = {
			isa = PBXSourcesBuildPhase;
			buildActionMask = 2147483647;
			files = (
				AF9FC13925E876660096373D /* ViewController.swift in Sources */,
				AF9FC13525E876660096373D /* AppDelegate.swift in Sources */,
				AF9FC14A25E8777B0096373D /* SignUpViewController.swift in Sources */,
				AF9FC14D25E877890096373D /* LoginViewController.swift in Sources */,
				AF9FC13725E876660096373D /* SceneDelegate.swift in Sources */,
				AF9FC15025E8779A0096373D /* HomeViewController.swift in Sources */,
			);
			runOnlyForDeploymentPostprocessing = 0;
		};
/* End PBXSourcesBuildPhase section */

/* Begin PBXVariantGroup section */
		AF9FC13A25E876660096373D /* Main.storyboard */ = {
			isa = PBXVariantGroup;
			children = (
				AF9FC13B25E876660096373D /* Base */,
			);
			name = Main.storyboard;
			sourceTree = "<group>";
		};
		AF9FC13F25E876670096373D /* LaunchScreen.storyboard */ = {
			isa = PBXVariantGroup;
			children = (
				AF9FC14025E876670096373D /* Base */,
			);
			name = LaunchScreen.storyboard;
			sourceTree = "<group>";
		};
/* End PBXVariantGroup section */

/* Begin XCBuildConfiguration section */
		AF9FC14325E876670096373D /* Debug */ = {
			isa = XCBuildConfiguration;
			buildSettings = {
				ALWAYS_SEARCH_USER_PATHS = NO;
				CLANG_ANALYZER_NONNULL = YES;
				CLANG_ANALYZER_NUMBER_OBJECT_CONVERSION = YES_AGGRESSIVE;
				CLANG_CXX_LANGUAGE_STANDARD = "gnu++14";
				CLANG_CXX_LIBRARY = "libc++";
				CLANG_ENABLE_MODULES = YES;
				CLANG_ENABLE_OBJC_ARC = YES;
				CLANG_ENABLE_OBJC_WEAK = YES;
				CLANG_WARN_BLOCK_CAPTURE_AUTORELEASING = YES;
				CLANG_WARN_BOOL_CONVERSION = YES;
				CLANG_WARN_COMMA = YES;
				CLANG_WARN_CONSTANT_CONVERSION = YES;
				CLANG_WARN_DEPRECATED_OBJC_IMPLEMENTATIONS = YES;
				CLANG_WARN_DIRECT_OBJC_ISA_USAGE = YES_ERROR;
				CLANG_WARN_DOCUMENTATION_COMMENTS = YES;
				CLANG_WARN_EMPTY_BODY = YES;
				CLANG_WARN_ENUM_CONVERSION = YES;
				CLANG_WARN_INFINITE_RECURSION = YES;
				CLANG_WARN_INT_CONVERSION = YES;
				CLANG_WARN_NON_LITERAL_NULL_CONVERSION = YES;
				CLANG_WARN_OBJC_IMPLICIT_RETAIN_SELF = YES;
				CLANG_WARN_OBJC_LITERAL_CONVERSION = YES;
				CLANG_WARN_OBJC_ROOT_CLASS = YES_ERROR;
				CLANG_WARN_QUOTED_INCLUDE_IN_FRAMEWORK_HEADER = YES;
				CLANG_WARN_RANGE_LOOP_ANALYSIS = YES;
				CLANG_WARN_STRICT_PROTOTYPES = YES;
				CLANG_WARN_SUSPICIOUS_MOVE = YES;
				CLANG_WARN_UNGUARDED_AVAILABILITY = YES_AGGRESSIVE;
				CLANG_WARN_UNREACHABLE_CODE = YES;
				CLANG_WARN__DUPLICATE_METHOD_MATCH = YES;
				COPY_PHASE_STRIP = NO;
				DEBUG_INFORMATION_FORMAT = dwarf;
				ENABLE_STRICT_OBJC_MSGSEND = YES;
				ENABLE_TESTABILITY = YES;
				GCC_C_LANGUAGE_STANDARD = gnu11;
				GCC_DYNAMIC_NO_PIC = NO;
				GCC_NO_COMMON_BLOCKS = YES;
				GCC_OPTIMIZATION_LEVEL = 0;
				GCC_PREPROCESSOR_DEFINITIONS = (
					"DEBUG=1",
					"$(inherited)",
				);
				GCC_WARN_64_TO_32_BIT_CONVERSION = YES;
				GCC_WARN_ABOUT_RETURN_TYPE = YES_ERROR;
				GCC_WARN_UNDECLARED_SELECTOR = YES;
				GCC_WARN_UNINITIALIZED_AUTOS = YES_AGGRESSIVE;
				GCC_WARN_UNUSED_FUNCTION = YES;
				GCC_WARN_UNUSED_VARIABLE = YES;
				IPHONEOS_DEPLOYMENT_TARGET = 14.4;
				MTL_ENABLE_DEBUG_INFO = INCLUDE_SOURCE;
				MTL_FAST_MATH = YES;
				ONLY_ACTIVE_ARCH = YES;
				SDKROOT = iphoneos;
				SWIFT_ACTIVE_COMPILATION_CONDITIONS = DEBUG;
				SWIFT_OPTIMIZATION_LEVEL = "-Onone";
			};
			name = Debug;
		};
		AF9FC14425E876670096373D /* Release */ = {
			isa = XCBuildConfiguration;
			buildSettings = {
				ALWAYS_SEARCH_USER_PATHS = NO;
				CLANG_ANALYZER_NONNULL = YES;
				CLANG_ANALYZER_NUMBER_OBJECT_CONVERSION = YES_AGGRESSIVE;
				CLANG_CXX_LANGUAGE_STANDARD = "gnu++14";
				CLANG_CXX_LIBRARY = "libc++";
				CLANG_ENABLE_MODULES = YES;
				CLANG_ENABLE_OBJC_ARC = YES;
				CLANG_ENABLE_OBJC_WEAK = YES;
				CLANG_WARN_BLOCK_CAPTURE_AUTORELEASING = YES;
				CLANG_WARN_BOOL_CONVERSION = YES;
				CLANG_WARN_COMMA = YES;
				CLANG_WARN_CONSTANT_CONVERSION = YES;
				CLANG_WARN_DEPRECATED_OBJC_IMPLEMENTATIONS = YES;
				CLANG_WARN_DIRECT_OBJC_ISA_USAGE = YES_ERROR;
				CLANG_WARN_DOCUMENTATION_COMMENTS = YES;
				CLANG_WARN_EMPTY_BODY = YES;
				CLANG_WARN_ENUM_CONVERSION = YES;
				CLANG_WARN_INFINITE_RECURSION = YES;
				CLANG_WARN_INT_CONVERSION = YES;
				CLANG_WARN_NON_LITERAL_NULL_CONVERSION = YES;
				CLANG_WARN_OBJC_IMPLICIT_RETAIN_SELF = YES;
				CLANG_WARN_OBJC_LITERAL_CONVERSION = YES;
				CLANG_WARN_OBJC_ROOT_CLASS = YES_ERROR;
				CLANG_WARN_QUOTED_INCLUDE_IN_FRAMEWORK_HEADER = YES;
				CLANG_WARN_RANGE_LOOP_ANALYSIS = YES;
				CLANG_WARN_STRICT_PROTOTYPES = YES;
				CLANG_WARN_SUSPICIOUS_MOVE = YES;
				CLANG_WARN_UNGUARDED_AVAILABILITY = YES_AGGRESSIVE;
				CLANG_WARN_UNREACHABLE_CODE = YES;
				CLANG_WARN__DUPLICATE_METHOD_MATCH = YES;
				COPY_PHASE_STRIP = NO;
				DEBUG_INFORMATION_FORMAT = "dwarf-with-dsym";
				ENABLE_NS_ASSERTIONS = NO;
				ENABLE_STRICT_OBJC_MSGSEND = YES;
				GCC_C_LANGUAGE_STANDARD = gnu11;
				GCC_NO_COMMON_BLOCKS = YES;
				GCC_WARN_64_TO_32_BIT_CONVERSION = YES;
				GCC_WARN_ABOUT_RETURN_TYPE = YES_ERROR;
				GCC_WARN_UNDECLARED_SELECTOR = YES;
				GCC_WARN_UNINITIALIZED_AUTOS = YES_AGGRESSIVE;
				GCC_WARN_UNUSED_FUNCTION = YES;
				GCC_WARN_UNUSED_VARIABLE = YES;
				IPHONEOS_DEPLOYMENT_TARGET = 14.4;
				MTL_ENABLE_DEBUG_INFO = NO;
				MTL_FAST_MATH = YES;
				SDKROOT = iphoneos;
				SWIFT_COMPILATION_MODE = wholemodule;
				SWIFT_OPTIMIZATION_LEVEL = "-O";
				VALIDATE_PRODUCT = YES;
			};
			name = Release;
		};
		AF9FC14625E876670096373D /* Debug */ = {
			isa = XCBuildConfiguration;
			buildSettings = {
				ASSETCATALOG_COMPILER_APPICON_NAME = AppIcon;
				ASSETCATALOG_COMPILER_GLOBAL_ACCENT_COLOR_NAME = AccentColor;
				CODE_SIGN_STYLE = Automatic;
				INFOPLIST_FILE = CafeNIBM/Info.plist;
				LD_RUNPATH_SEARCH_PATHS = (
					"$(inherited)",
					"@executable_path/Frameworks",
				);
				PRODUCT_BUNDLE_IDENTIFIER = com.imalka.Muthukumara.CafeNIBM;
				PRODUCT_NAME = "$(TARGET_NAME)";
				SWIFT_VERSION = 5.0;
				TARGETED_DEVICE_FAMILY = "1,2";
			};
			name = Debug;
		};
		AF9FC14725E876670096373D /* Release */ = {
			isa = XCBuildConfiguration;
			buildSettings = {
				ASSETCATALOG_COMPILER_APPICON_NAME = AppIcon;
				ASSETCATALOG_COMPILER_GLOBAL_ACCENT_COLOR_NAME = AccentColor;
				CODE_SIGN_STYLE = Automatic;
				INFOPLIST_FILE = CafeNIBM/Info.plist;
				LD_RUNPATH_SEARCH_PATHS = (
					"$(inherited)",
					"@executable_path/Frameworks",
				);
				PRODUCT_BUNDLE_IDENTIFIER = com.imalka.Muthukumara.CafeNIBM;
				PRODUCT_NAME = "$(TARGET_NAME)";
				SWIFT_VERSION = 5.0;
				TARGETED_DEVICE_FAMILY = "1,2";
			};
			name = Release;
		};
/* End XCBuildConfiguration section */

/* Begin XCConfigurationList section */
		AF9FC12C25E876660096373D /* Build configuration list for PBXProject "CafeNIBM" */ = {
			isa = XCConfigurationList;
			buildConfigurations = (
				AF9FC14325E876670096373D /* Debug */,
				AF9FC14425E876670096373D /* Release */,
			);
			defaultConfigurationIsVisible = 0;
			defaultConfigurationName = Release;
		};
		AF9FC14525E876670096373D /* Build configuration list for PBXNativeTarget "CafeNIBM" */ = {
			isa = XCConfigurationList;
			buildConfigurations = (
				AF9FC14625E876670096373D /* Debug */,
				AF9FC14725E876670096373D /* Release */,
			);
			defaultConfigurationIsVisible = 0;
			defaultConfigurationName = Release;
		};
/* End XCConfigurationList section */
	};
	rootObject = AF9FC12925E876660096373D /* Project object */;
}
